# This file is generated by running "yarn install" inside your project.
# Manual changes might be lost - proceed with caution!

__metadata:
  version: 6
  cacheKey: 8

"@hopinc/ogmeta@workspace:.":
  version: 0.0.0-use.local
  resolution: "@hopinc/ogmeta@workspace:."
  dependencies:
    "@vercel/node": ^1.15.0
    chrome-aws-lambda: ^10.1.0
    puppeteer-core: ^13.7.0
    vercel: ^24.2.0
    zod: ^3.14.4
  languageName: unknown
  linkType: soft

"@sindresorhus/is@npm:^0.14.0":
  version: 0.14.0
  resolution: "@sindresorhus/is@npm:0.14.0"
  checksum: 971e0441dd44ba3909b467219a5e242da0fc584048db5324cfb8048148fa8dcc9d44d71e3948972c4f6121d24e5da402ef191420d1266a95f713bb6d6e59c98a
  languageName: node
  linkType: hard

"@szmarczak/http-timer@npm:^1.1.2":
  version: 1.1.2
  resolution: "@szmarczak/http-timer@npm:1.1.2"
  dependencies:
    defer-to-connect: ^1.0.1
  checksum: 4d9158061c5f397c57b4988cde33a163244e4f02df16364f103971957a32886beb104d6180902cbe8b38cb940e234d9f98a4e486200deca621923f62f50a06fe
  languageName: node
  linkType: hard

"@types/keyv@npm:^3.1.1":
  version: 3.1.4
  resolution: "@types/keyv@npm:3.1.4"
  dependencies:
    "@types/node": "*"
  checksum: e009a2bfb50e90ca9b7c6e8f648f8464067271fd99116f881073fa6fa76dc8d0133181dd65e6614d5fb1220d671d67b0124aef7d97dc02d7e342ab143a47779d
  languageName: node
  linkType: hard

"@types/node@npm:*":
  version: 17.0.31
  resolution: "@types/node@npm:17.0.31"
  checksum: 704618350f8420d5c47db0f7778398e821b7724369946f5c441a7e6b9343295553936400eb8309f0b07d5e39c240988ab3456b983712ca86265dabc9aee4ad3d
  languageName: node
  linkType: hard

"@types/responselike@npm:^1.0.0":
  version: 1.0.0
  resolution: "@types/responselike@npm:1.0.0"
  dependencies:
    "@types/node": "*"
  checksum: e99fc7cc6265407987b30deda54c1c24bb1478803faf6037557a774b2f034c5b097ffd65847daa87e82a61a250d919f35c3588654b0fdaa816906650f596d1b0
  languageName: node
  linkType: hard

"@types/yauzl@npm:^2.9.1":
  version: 2.10.0
  resolution: "@types/yauzl@npm:2.10.0"
  dependencies:
    "@types/node": "*"
  checksum: 55d27ae5d346ea260e40121675c24e112ef0247649073848e5d4e03182713ae4ec8142b98f61a1c6cbe7d3b72fa99bbadb65d8b01873e5e605cdc30f1ff70ef2
  languageName: node
  linkType: hard

"@vercel/build-utils@npm:2.16.0":
  version: 2.16.0
  resolution: "@vercel/build-utils@npm:2.16.0"
  checksum: eb2ebfe6820796462eb830d10c1173f26271af11e04d36efc465e9200f6432b0e2c0cb997d10c3cc5f5eac92ae957d88a72eb43784e5450b6f3e8e7bae58f245
  languageName: node
  linkType: hard

"@vercel/go@npm:1.4.0":
  version: 1.4.0
  resolution: "@vercel/go@npm:1.4.0"
  checksum: a69afdd535297541b46ee0fd309f6205580e0015d01f29e249fce5b6481a247b1a8f827ec129e77b6470c545383ad5a8aa96ee8a93ddf47413dfa2b7979e0b38
  languageName: node
  linkType: hard

"@vercel/node-bridge@npm:2.2.1":
  version: 2.2.1
  resolution: "@vercel/node-bridge@npm:2.2.1"
  checksum: f7301a1d4f9405bfc5863c18379aa97e415ebd14dbedd75a4435ba41026756b879082c60d61b6d7ce36d66acb645f1733dc190a44dc16a1cc7494050ae51f606
  languageName: node
  linkType: hard

"@vercel/node@npm:1.15.0, @vercel/node@npm:^1.15.0":
  version: 1.15.0
  resolution: "@vercel/node@npm:1.15.0"
  dependencies:
    "@types/node": "*"
    "@vercel/node-bridge": 2.2.1
    ts-node: 8.9.1
    typescript: 4.3.4
  checksum: 41cc34953e29c1c4fb3ec265a183132b6593b503224556b6c0d5c87cfdf2be6cd6a640ed36512d97bec62a52f1048c68d3c8e5f292e16c70256079d17a366157
  languageName: node
  linkType: hard

"@vercel/python@npm:2.3.0":
  version: 2.3.0
  resolution: "@vercel/python@npm:2.3.0"
  checksum: 5821d430f205913b161e77dc3658b8fdcdeb18e6c0af5d08dbeb9d432504ef65a04097d070508def4233eb5340bd50c9a19b0e5327318129e71d5af7b09519f0
  languageName: node
  linkType: hard

"@vercel/ruby@npm:1.3.3":
  version: 1.3.3
  resolution: "@vercel/ruby@npm:1.3.3"
  checksum: efe1d31dc6ef6b859be6f8afffd189777f638a1498d158c08485f150cde0443caf40aafcf3926c2a5d04b82b17a6331c1e2a741a22300d76e9074635a8d406eb
  languageName: node
  linkType: hard

"agent-base@npm:6":
  version: 6.0.2
  resolution: "agent-base@npm:6.0.2"
  dependencies:
    debug: 4
  checksum: f52b6872cc96fd5f622071b71ef200e01c7c4c454ee68bc9accca90c98cfb39f2810e3e9aa330435835eedc8c23f4f8a15267f67c6e245d2b33757575bdac49d
  languageName: node
  linkType: hard

"ansi-align@npm:^3.0.0":
  version: 3.0.1
  resolution: "ansi-align@npm:3.0.1"
  dependencies:
    string-width: ^4.1.0
  checksum: 6abfa08f2141d231c257162b15292467081fa49a208593e055c866aa0455b57f3a86b5a678c190c618faa79b4c59e254493099cb700dd9cf2293c6be2c8f5d8d
  languageName: node
  linkType: hard

"ansi-regex@npm:^5.0.1":
  version: 5.0.1
  resolution: "ansi-regex@npm:5.0.1"
  checksum: 2aa4bb54caf2d622f1afdad09441695af2a83aa3fe8b8afa581d205e57ed4261c183c4d3877cee25794443fde5876417d859c108078ab788d6af7e4fe52eb66b
  languageName: node
  linkType: hard

"ansi-styles@npm:^4.1.0":
  version: 4.3.0
  resolution: "ansi-styles@npm:4.3.0"
  dependencies:
    color-convert: ^2.0.1
  checksum: 513b44c3b2105dd14cc42a19271e80f386466c4be574bccf60b627432f9198571ebf4ab1e4c3ba17347658f4ee1711c163d574248c0c1cdc2d5917a0ad582ec4
  languageName: node
  linkType: hard

"arg@npm:^4.1.0":
  version: 4.1.3
  resolution: "arg@npm:4.1.3"
  checksum: 544af8dd3f60546d3e4aff084d451b96961d2267d668670199692f8d054f0415d86fc5497d0e641e91546f0aa920e7c29e5250e99fc89f5552a34b5d93b77f43
  languageName: node
  linkType: hard

"balanced-match@npm:^1.0.0":
  version: 1.0.2
  resolution: "balanced-match@npm:1.0.2"
  checksum: 9706c088a283058a8a99e0bf91b0a2f75497f185980d9ffa8b304de1d9e58ebda7c72c07ebf01dadedaac5b2907b2c6f566f660d62bd336c3468e960403b9d65
  languageName: node
  linkType: hard

"base64-js@npm:^1.3.1":
  version: 1.5.1
  resolution: "base64-js@npm:1.5.1"
  checksum: 669632eb3745404c2f822a18fc3a0122d2f9a7a13f7fb8b5823ee19d1d2ff9ee5b52c53367176ea4ad093c332fd5ab4bd0ebae5a8e27917a4105a4cfc86b1005
  languageName: node
  linkType: hard

"bl@npm:^4.0.3":
  version: 4.1.0
  resolution: "bl@npm:4.1.0"
  dependencies:
    buffer: ^5.5.0
    inherits: ^2.0.4
    readable-stream: ^3.4.0
  checksum: 9e8521fa7e83aa9427c6f8ccdcba6e8167ef30cc9a22df26effcc5ab682ef91d2cbc23a239f945d099289e4bbcfae7a192e9c28c84c6202e710a0dfec3722662
  languageName: node
  linkType: hard

"boxen@npm:^4.2.0":
  version: 4.2.0
  resolution: "boxen@npm:4.2.0"
  dependencies:
    ansi-align: ^3.0.0
    camelcase: ^5.3.1
    chalk: ^3.0.0
    cli-boxes: ^2.2.0
    string-width: ^4.1.0
    term-size: ^2.1.0
    type-fest: ^0.8.1
    widest-line: ^3.1.0
  checksum: ce2b565a2e44b33d11336155675cf4f7f0e13dbf7412928845aefd6a2cf65e0da2dbb0a2cb198b7620a2ae714416a2eb710926b780f15d19f6250a19633b29af
  languageName: node
  linkType: hard

"brace-expansion@npm:^1.1.7":
  version: 1.1.11
  resolution: "brace-expansion@npm:1.1.11"
  dependencies:
    balanced-match: ^1.0.0
    concat-map: 0.0.1
  checksum: faf34a7bb0c3fcf4b59c7808bc5d2a96a40988addf2e7e09dfbb67a2251800e0d14cd2bfc1aa79174f2f5095c54ff27f46fb1289fe2d77dac755b5eb3434cc07
  languageName: node
  linkType: hard

"buffer-crc32@npm:~0.2.3":
  version: 0.2.13
  resolution: "buffer-crc32@npm:0.2.13"
  checksum: 06252347ae6daca3453b94e4b2f1d3754a3b146a111d81c68924c22d91889a40623264e95e67955b1cb4a68cbedf317abeabb5140a9766ed248973096db5ce1c
  languageName: node
  linkType: hard

"buffer-from@npm:^1.0.0":
  version: 1.1.2
  resolution: "buffer-from@npm:1.1.2"
  checksum: 0448524a562b37d4d7ed9efd91685a5b77a50672c556ea254ac9a6d30e3403a517d8981f10e565db24e8339413b43c97ca2951f10e399c6125a0d8911f5679bb
  languageName: node
  linkType: hard

"buffer@npm:^5.2.1, buffer@npm:^5.5.0":
  version: 5.7.1
  resolution: "buffer@npm:5.7.1"
  dependencies:
    base64-js: ^1.3.1
    ieee754: ^1.1.13
  checksum: e2cf8429e1c4c7b8cbd30834ac09bd61da46ce35f5c22a78e6c2f04497d6d25541b16881e30a019c6fd3154150650ccee27a308eff3e26229d788bbdeb08ab84
  languageName: node
  linkType: hard

"cacheable-request@npm:^6.0.0":
  version: 6.1.0
  resolution: "cacheable-request@npm:6.1.0"
  dependencies:
    clone-response: ^1.0.2
    get-stream: ^5.1.0
    http-cache-semantics: ^4.0.0
    keyv: ^3.0.0
    lowercase-keys: ^2.0.0
    normalize-url: ^4.1.0
    responselike: ^1.0.2
  checksum: b510b237b18d17e89942e9ee2d2a077cb38db03f12167fd100932dfa8fc963424bfae0bfa1598df4ae16c944a5484e43e03df8f32105b04395ee9495e9e4e9f1
  languageName: node
  linkType: hard

"camelcase@npm:^5.3.1":
  version: 5.3.1
  resolution: "camelcase@npm:5.3.1"
  checksum: e6effce26b9404e3c0f301498184f243811c30dfe6d0b9051863bd8e4034d09c8c2923794f280d6827e5aa055f6c434115ff97864a16a963366fb35fd673024b
  languageName: node
  linkType: hard

"chalk@npm:^3.0.0":
  version: 3.0.0
  resolution: "chalk@npm:3.0.0"
  dependencies:
    ansi-styles: ^4.1.0
    supports-color: ^7.1.0
  checksum: 8e3ddf3981c4da405ddbd7d9c8d91944ddf6e33d6837756979f7840a29272a69a5189ecae0ff84006750d6d1e92368d413335eab4db5476db6e6703a1d1e0505
  languageName: node
  linkType: hard

"chownr@npm:^1.1.1":
  version: 1.1.4
  resolution: "chownr@npm:1.1.4"
  checksum: 115648f8eb38bac5e41c3857f3e663f9c39ed6480d1349977c4d96c95a47266fcacc5a5aabf3cb6c481e22d72f41992827db47301851766c4fd77ac21a4f081d
  languageName: node
  linkType: hard

"chrome-aws-lambda@npm:^10.1.0":
  version: 10.1.0
  resolution: "chrome-aws-lambda@npm:10.1.0"
  dependencies:
    lambdafs: ^2.0.3
  peerDependencies:
    puppeteer-core: ^10.1.0
  checksum: e5ad2dc68cfaf33123fd94503fdacd1744f127f097a1a20e40a07a2e0b9f97ce7650aaec96a3ae6a941e86a2757d7c426f7d4171bff997e8d1454c4be1f298e0
  languageName: node
  linkType: hard

"ci-info@npm:^2.0.0":
  version: 2.0.0
  resolution: "ci-info@npm:2.0.0"
  checksum: 3b374666a85ea3ca43fa49aa3a048d21c9b475c96eb13c133505d2324e7ae5efd6a454f41efe46a152269e9b6a00c9edbe63ec7fa1921957165aae16625acd67
  languageName: node
  linkType: hard

"cli-boxes@npm:^2.2.0":
  version: 2.2.1
  resolution: "cli-boxes@npm:2.2.1"
  checksum: be79f8ec23a558b49e01311b39a1ea01243ecee30539c880cf14bf518a12e223ef40c57ead0cb44f509bffdffc5c129c746cd50d863ab879385370112af4f585
  languageName: node
  linkType: hard

"clone-response@npm:^1.0.2":
  version: 1.0.2
  resolution: "clone-response@npm:1.0.2"
  dependencies:
    mimic-response: ^1.0.0
  checksum: 2d0e61547fc66276e0903be9654ada422515f5a15741691352000d47e8c00c226061221074ce2c0064d12e975e84a8687cfd35d8b405750cb4e772f87b256eda
  languageName: node
  linkType: hard

"color-convert@npm:^2.0.1":
  version: 2.0.1
  resolution: "color-convert@npm:2.0.1"
  dependencies:
    color-name: ~1.1.4
  checksum: 79e6bdb9fd479a205c71d89574fccfb22bd9053bd98c6c4d870d65c132e5e904e6034978e55b43d69fcaa7433af2016ee203ce76eeba9cfa554b373e7f7db336
  languageName: node
  linkType: hard

"color-name@npm:~1.1.4":
  version: 1.1.4
  resolution: "color-name@npm:1.1.4"
  checksum: b0445859521eb4021cd0fb0cc1a75cecf67fceecae89b63f62b201cca8d345baf8b952c966862a9d9a2632987d4f6581f0ec8d957dfacece86f0a7919316f610
  languageName: node
  linkType: hard

"concat-map@npm:0.0.1":
  version: 0.0.1
  resolution: "concat-map@npm:0.0.1"
  checksum: 902a9f5d8967a3e2faf138d5cb784b9979bad2e6db5357c5b21c568df4ebe62bcb15108af1b2253744844eb964fc023fbd9afbbbb6ddd0bcc204c6fb5b7bf3af
  languageName: node
  linkType: hard

"configstore@npm:^5.0.1":
  version: 5.0.1
  resolution: "configstore@npm:5.0.1"
  dependencies:
    dot-prop: ^5.2.0
    graceful-fs: ^4.1.2
    make-dir: ^3.0.0
    unique-string: ^2.0.0
    write-file-atomic: ^3.0.0
    xdg-basedir: ^4.0.0
  checksum: 60ef65d493b63f96e14b11ba7ec072fdbf3d40110a94fb7199d1c287761bdea5c5244e76b2596325f30c1b652213aa75de96ea20afd4a5f82065e61ea090988e
  languageName: node
  linkType: hard

"cross-fetch@npm:3.1.5":
  version: 3.1.5
  resolution: "cross-fetch@npm:3.1.5"
  dependencies:
    node-fetch: 2.6.7
  checksum: f6b8c6ee3ef993ace6277fd789c71b6acf1b504fd5f5c7128df4ef2f125a429e29cd62dc8c127523f04a5f2fa4771ed80e3f3d9695617f441425045f505cf3bb
  languageName: node
  linkType: hard

"crypto-random-string@npm:^2.0.0":
  version: 2.0.0
  resolution: "crypto-random-string@npm:2.0.0"
  checksum: 0283879f55e7c16fdceacc181f87a0a65c53bc16ffe1d58b9d19a6277adcd71900d02bb2c4843dd55e78c51e30e89b0fec618a7f170ebcc95b33182c28f05fd6
  languageName: node
  linkType: hard

"debug@npm:4, debug@npm:4.3.4, debug@npm:^4.1.1":
  version: 4.3.4
  resolution: "debug@npm:4.3.4"
  dependencies:
    ms: 2.1.2
  peerDependenciesMeta:
    supports-color:
      optional: true
  checksum: 3dbad3f94ea64f34431a9cbf0bafb61853eda57bff2880036153438f50fb5a84f27683ba0d8e5426bf41a8c6ff03879488120cf5b3a761e77953169c0600a708
  languageName: node
  linkType: hard

"decompress-response@npm:^3.3.0":
  version: 3.3.0
  resolution: "decompress-response@npm:3.3.0"
  dependencies:
    mimic-response: ^1.0.0
  checksum: 952552ac3bd7de2fc18015086b09468645c9638d98a551305e485230ada278c039c91116e946d07894b39ee53c0f0d5b6473f25a224029344354513b412d7380
  languageName: node
  linkType: hard

"deep-extend@npm:^0.6.0":
  version: 0.6.0
  resolution: "deep-extend@npm:0.6.0"
  checksum: 7be7e5a8d468d6b10e6a67c3de828f55001b6eb515d014f7aeb9066ce36bd5717161eb47d6a0f7bed8a9083935b465bc163ee2581c8b128d29bf61092fdf57a7
  languageName: node
  linkType: hard

"defer-to-connect@npm:^1.0.1":
  version: 1.1.3
  resolution: "defer-to-connect@npm:1.1.3"
  checksum: 9491b301dcfa04956f989481ba7a43c2231044206269eb4ab64a52d6639ee15b1252262a789eb4239fb46ab63e44d4e408641bae8e0793d640aee55398cb3930
  languageName: node
  linkType: hard

"devtools-protocol@npm:0.0.981744":
  version: 0.0.981744
  resolution: "devtools-protocol@npm:0.0.981744"
  checksum: 609901bff551f5fbe98e272bdda7269de527e28fab138de371ffd7e9a06fa68ca2eec2e961bd1cd6fd98223ccee562c55b7ce3235d4e37cc8d85d6681bc45593
  languageName: node
  linkType: hard

"diff@npm:^4.0.1":
  version: 4.0.2
  resolution: "diff@npm:4.0.2"
  checksum: f2c09b0ce4e6b301c221addd83bf3f454c0bc00caa3dd837cf6c127d6edf7223aa2bbe3b688feea110b7f262adbfc845b757c44c8a9f8c0c5b15d8fa9ce9d20d
  languageName: node
  linkType: hard

"dot-prop@npm:^5.2.0":
  version: 5.3.0
  resolution: "dot-prop@npm:5.3.0"
  dependencies:
    is-obj: ^2.0.0
  checksum: d5775790093c234ef4bfd5fbe40884ff7e6c87573e5339432870616331189f7f5d86575c5b5af2dcf0f61172990f4f734d07844b1f23482fff09e3c4bead05ea
  languageName: node
  linkType: hard

"duplexer3@npm:^0.1.4":
  version: 0.1.4
  resolution: "duplexer3@npm:0.1.4"
  checksum: c2fd6969314607d23439c583699aaa43c4100d66b3e161df55dccd731acc57d5c81a64bb4f250805fbe434ddb1d2623fee2386fb890f5886ca1298690ec53415
  languageName: node
  linkType: hard

"emoji-regex@npm:^8.0.0":
  version: 8.0.0
  resolution: "emoji-regex@npm:8.0.0"
  checksum: d4c5c39d5a9868b5fa152f00cada8a936868fd3367f33f71be515ecee4c803132d11b31a6222b2571b1e5f7e13890156a94880345594d0ce7e3c9895f560f192
  languageName: node
  linkType: hard

"end-of-stream@npm:^1.1.0, end-of-stream@npm:^1.4.1":
  version: 1.4.4
  resolution: "end-of-stream@npm:1.4.4"
  dependencies:
    once: ^1.4.0
  checksum: 530a5a5a1e517e962854a31693dbb5c0b2fc40b46dad2a56a2deec656ca040631124f4795823acc68238147805f8b021abbe221f4afed5ef3c8e8efc2024908b
  languageName: node
  linkType: hard

"escape-goat@npm:^2.0.0":
  version: 2.1.1
  resolution: "escape-goat@npm:2.1.1"
  checksum: ce05c70c20dd7007b60d2d644b625da5412325fdb57acf671ba06cb2ab3cd6789e2087026921a05b665b0a03fadee2955e7fc0b9a67da15a6551a980b260eba7
  languageName: node
  linkType: hard

"extract-zip@npm:2.0.1":
  version: 2.0.1
  resolution: "extract-zip@npm:2.0.1"
  dependencies:
    "@types/yauzl": ^2.9.1
    debug: ^4.1.1
    get-stream: ^5.1.0
    yauzl: ^2.10.0
  dependenciesMeta:
    "@types/yauzl":
      optional: true
  bin:
    extract-zip: cli.js
  checksum: 8cbda9debdd6d6980819cc69734d874ddd71051c9fe5bde1ef307ebcedfe949ba57b004894b585f758b7c9eeeea0e3d87f2dda89b7d25320459c2c9643ebb635
  languageName: node
  linkType: hard

"fd-slicer@npm:~1.1.0":
  version: 1.1.0
  resolution: "fd-slicer@npm:1.1.0"
  dependencies:
    pend: ~1.2.0
  checksum: c8585fd5713f4476eb8261150900d2cb7f6ff2d87f8feb306ccc8a1122efd152f1783bdb2b8dc891395744583436bfd8081d8e63ece0ec8687eeefea394d4ff2
  languageName: node
  linkType: hard

"find-up@npm:^4.0.0":
  version: 4.1.0
  resolution: "find-up@npm:4.1.0"
  dependencies:
    locate-path: ^5.0.0
    path-exists: ^4.0.0
  checksum: 4c172680e8f8c1f78839486e14a43ef82e9decd0e74145f40707cc42e7420506d5ec92d9a11c22bd2c48fb0c384ea05dd30e10dd152fefeec6f2f75282a8b844
  languageName: node
  linkType: hard

"fs-constants@npm:^1.0.0":
  version: 1.0.0
  resolution: "fs-constants@npm:1.0.0"
  checksum: 18f5b718371816155849475ac36c7d0b24d39a11d91348cfcb308b4494824413e03572c403c86d3a260e049465518c4f0d5bd00f0371cdfcad6d4f30a85b350d
  languageName: node
  linkType: hard

"fs.realpath@npm:^1.0.0":
  version: 1.0.0
  resolution: "fs.realpath@npm:1.0.0"
  checksum: 99ddea01a7e75aa276c250a04eedeffe5662bce66c65c07164ad6264f9de18fb21be9433ead460e54cff20e31721c811f4fb5d70591799df5f85dce6d6746fd0
  languageName: node
  linkType: hard

"get-stream@npm:^4.1.0":
  version: 4.1.0
  resolution: "get-stream@npm:4.1.0"
  dependencies:
    pump: ^3.0.0
  checksum: 443e1914170c15bd52ff8ea6eff6dfc6d712b031303e36302d2778e3de2506af9ee964d6124010f7818736dcfde05c04ba7ca6cc26883106e084357a17ae7d73
  languageName: node
  linkType: hard

"get-stream@npm:^5.1.0":
  version: 5.2.0
  resolution: "get-stream@npm:5.2.0"
  dependencies:
    pump: ^3.0.0
  checksum: 8bc1a23174a06b2b4ce600df38d6c98d2ef6d84e020c1ddad632ad75bac4e092eeb40e4c09e0761c35fc2dbc5e7fff5dab5e763a383582c4a167dd69a905bd12
  languageName: node
  linkType: hard

"glob@npm:^7.1.3":
  version: 7.2.0
  resolution: "glob@npm:7.2.0"
  dependencies:
    fs.realpath: ^1.0.0
    inflight: ^1.0.4
    inherits: 2
    minimatch: ^3.0.4
    once: ^1.3.0
    path-is-absolute: ^1.0.0
  checksum: 78a8ea942331f08ed2e055cb5b9e40fe6f46f579d7fd3d694f3412fe5db23223d29b7fee1575440202e9a7ff9a72ab106a39fee39934c7bedafe5e5f8ae20134
  languageName: node
  linkType: hard

"global-dirs@npm:^2.0.1":
  version: 2.1.0
  resolution: "global-dirs@npm:2.1.0"
  dependencies:
    ini: 1.3.7
  checksum: f80b74032c0359a6af7f37d153b8ced67710135ed7ab45b03efe688f5792ef859b660561beeb79ecce3106071c2547196c0971dfecdb2332139892129487233d
  languageName: node
  linkType: hard

"got@npm:^9.6.0":
  version: 9.6.0
  resolution: "got@npm:9.6.0"
  dependencies:
    "@sindresorhus/is": ^0.14.0
    "@szmarczak/http-timer": ^1.1.2
    cacheable-request: ^6.0.0
    decompress-response: ^3.3.0
    duplexer3: ^0.1.4
    get-stream: ^4.1.0
    lowercase-keys: ^1.0.1
    mimic-response: ^1.0.1
    p-cancelable: ^1.0.0
    to-readable-stream: ^1.0.0
    url-parse-lax: ^3.0.0
  checksum: 941807bd9704bacf5eb401f0cc1212ffa1f67c6642f2d028fd75900471c221b1da2b8527f4553d2558f3faeda62ea1cf31665f8b002c6137f5de8732f07370b0
  languageName: node
  linkType: hard

"graceful-fs@npm:^4.1.2":
  version: 4.2.10
  resolution: "graceful-fs@npm:4.2.10"
  checksum: 3f109d70ae123951905d85032ebeae3c2a5a7a997430df00ea30df0e3a6c60cf6689b109654d6fdacd28810a053348c4d14642da1d075049e6be1ba5216218da
  languageName: node
  linkType: hard

"has-flag@npm:^4.0.0":
  version: 4.0.0
  resolution: "has-flag@npm:4.0.0"
  checksum: 261a1357037ead75e338156b1f9452c016a37dcd3283a972a30d9e4a87441ba372c8b81f818cd0fbcd9c0354b4ae7e18b9e1afa1971164aef6d18c2b6095a8ad
  languageName: node
  linkType: hard

"has-yarn@npm:^2.1.0":
  version: 2.1.0
  resolution: "has-yarn@npm:2.1.0"
  checksum: 5eb1d0bb8518103d7da24532bdbc7124ffc6d367b5d3c10840b508116f2f1bcbcf10fd3ba843ff6e2e991bdf9969fd862d42b2ed58aade88343326c950b7e7f7
  languageName: node
  linkType: hard

"http-cache-semantics@npm:^4.0.0":
  version: 4.1.0
  resolution: "http-cache-semantics@npm:4.1.0"
  checksum: 974de94a81c5474be07f269f9fd8383e92ebb5a448208223bfb39e172a9dbc26feff250192ecc23b9593b3f92098e010406b0f24bd4d588d631f80214648ed42
  languageName: node
  linkType: hard

"https-proxy-agent@npm:5.0.1":
  version: 5.0.1
  resolution: "https-proxy-agent@npm:5.0.1"
  dependencies:
    agent-base: 6
    debug: 4
  checksum: 571fccdf38184f05943e12d37d6ce38197becdd69e58d03f43637f7fa1269cf303a7d228aa27e5b27bbd3af8f09fd938e1c91dcfefff2df7ba77c20ed8dfc765
  languageName: node
  linkType: hard

"ieee754@npm:^1.1.13":
  version: 1.2.1
  resolution: "ieee754@npm:1.2.1"
  checksum: 5144c0c9815e54ada181d80a0b810221a253562422e7c6c3a60b1901154184f49326ec239d618c416c1c5945a2e197107aee8d986a3dd836b53dffefd99b5e7e
  languageName: node
  linkType: hard

"import-lazy@npm:^2.1.0":
  version: 2.1.0
  resolution: "import-lazy@npm:2.1.0"
  checksum: 05294f3b9dd4971d3a996f0d2f176410fb6745d491d6e73376429189f5c1c3d290548116b2960a7cf3e89c20cdf11431739d1d2d8c54b84061980795010e803a
  languageName: node
  linkType: hard

"imurmurhash@npm:^0.1.4":
  version: 0.1.4
  resolution: "imurmurhash@npm:0.1.4"
  checksum: 7cae75c8cd9a50f57dadd77482359f659eaebac0319dd9368bcd1714f55e65badd6929ca58569da2b6494ef13fdd5598cd700b1eba23f8b79c5f19d195a3ecf7
  languageName: node
  linkType: hard

"inflight@npm:^1.0.4":
  version: 1.0.6
  resolution: "inflight@npm:1.0.6"
  dependencies:
    once: ^1.3.0
    wrappy: 1
  checksum: f4f76aa072ce19fae87ce1ef7d221e709afb59d445e05d47fba710e85470923a75de35bfae47da6de1b18afc3ce83d70facf44cfb0aff89f0a3f45c0a0244dfd
  languageName: node
  linkType: hard

"inherits@npm:2, inherits@npm:^2.0.3, inherits@npm:^2.0.4":
  version: 2.0.4
  resolution: "inherits@npm:2.0.4"
  checksum: 4a48a733847879d6cf6691860a6b1e3f0f4754176e4d71494c41f3475553768b10f84b5ce1d40fbd0e34e6bfbb864ee35858ad4dd2cf31e02fc4a154b724d7f1
  languageName: node
  linkType: hard

"ini@npm:1.3.7":
  version: 1.3.7
  resolution: "ini@npm:1.3.7"
  checksum: f8f3801e8eb039f9e03cdc27ceb494a7ac6e6ca7b2dd8394a9ef97ed5ae66930fadefd5ec908e41e4b103d3c9063b5788d47de5e8e892083c7a67b489f3b962d
  languageName: node
  linkType: hard

"ini@npm:~1.3.0":
  version: 1.3.8
  resolution: "ini@npm:1.3.8"
  checksum: dfd98b0ca3a4fc1e323e38a6c8eb8936e31a97a918d3b377649ea15bdb15d481207a0dda1021efbd86b464cae29a0d33c1d7dcaf6c5672bee17fa849bc50a1b3
  languageName: node
  linkType: hard

"is-ci@npm:^2.0.0":
  version: 2.0.0
  resolution: "is-ci@npm:2.0.0"
  dependencies:
    ci-info: ^2.0.0
  bin:
    is-ci: bin.js
  checksum: 77b869057510f3efa439bbb36e9be429d53b3f51abd4776eeea79ab3b221337fe1753d1e50058a9e2c650d38246108beffb15ccfd443929d77748d8c0cc90144
  languageName: node
  linkType: hard

"is-fullwidth-code-point@npm:^3.0.0":
  version: 3.0.0
  resolution: "is-fullwidth-code-point@npm:3.0.0"
  checksum: 44a30c29457c7fb8f00297bce733f0a64cd22eca270f83e58c105e0d015e45c019491a4ab2faef91ab51d4738c670daff901c799f6a700e27f7314029e99e348
  languageName: node
  linkType: hard

"is-installed-globally@npm:^0.3.1":
  version: 0.3.2
  resolution: "is-installed-globally@npm:0.3.2"
  dependencies:
    global-dirs: ^2.0.1
    is-path-inside: ^3.0.1
  checksum: 7f7489ae3026cc3b9f61426108d5911c864ac545bc90ef46e2eda4461c34a1f287a64f765895893398f0769235c59e63f25283c939c661bfe9be5250b1ed99cb
  languageName: node
  linkType: hard

"is-npm@npm:^4.0.0":
  version: 4.0.0
  resolution: "is-npm@npm:4.0.0"
  checksum: c0d1550266c5e6fa35c1c1063ccd60fde9a5235686551ca0b1fc54ac10dd021911e2466fbee3c328f0aee1ea2ddb33b8034c062538b064dc32f93ad885ba54f8
  languageName: node
  linkType: hard

"is-obj@npm:^2.0.0":
  version: 2.0.0
  resolution: "is-obj@npm:2.0.0"
  checksum: c9916ac8f4621962a42f5e80e7ffdb1d79a3fab7456ceaeea394cd9e0858d04f985a9ace45be44433bf605673c8be8810540fe4cc7f4266fc7526ced95af5a08
  languageName: node
  linkType: hard

"is-path-inside@npm:^3.0.1":
  version: 3.0.3
  resolution: "is-path-inside@npm:3.0.3"
  checksum: abd50f06186a052b349c15e55b182326f1936c89a78bf6c8f2b707412517c097ce04bc49a0ca221787bc44e1049f51f09a2ffb63d22899051988d3a618ba13e9
  languageName: node
  linkType: hard

"is-typedarray@npm:^1.0.0":
  version: 1.0.0
  resolution: "is-typedarray@npm:1.0.0"
  checksum: 3508c6cd0a9ee2e0df2fa2e9baabcdc89e911c7bd5cf64604586697212feec525aa21050e48affb5ffc3df20f0f5d2e2cf79b08caa64e1ccc9578e251763aef7
  languageName: node
  linkType: hard

"is-yarn-global@npm:^0.3.0":
  version: 0.3.0
  resolution: "is-yarn-global@npm:0.3.0"
  checksum: bca013d65fee2862024c9fbb3ba13720ffca2fe750095174c1c80922fdda16402b5c233f5ac9e265bc12ecb5446e7b7f519a32d9541788f01d4d44e24d2bf481
  languageName: node
  linkType: hard

"json-buffer@npm:3.0.0":
  version: 3.0.0
  resolution: "json-buffer@npm:3.0.0"
  checksum: 0cecacb8025370686a916069a2ff81f7d55167421b6aa7270ee74e244012650dd6bce22b0852202ea7ff8624fce50ff0ec1bdf95914ccb4553426e290d5a63fa
  languageName: node
  linkType: hard

"keyv@npm:^3.0.0":
  version: 3.1.0
  resolution: "keyv@npm:3.1.0"
  dependencies:
    json-buffer: 3.0.0
  checksum: bb7e8f3acffdbafbc2dd5b63f377fe6ec4c0e2c44fc82720449ef8ab54f4a7ce3802671ed94c0f475ae0a8549703353a2124561fcf3317010c141b32ca1ce903
  languageName: node
  linkType: hard

"lambdafs@npm:^2.0.3":
  version: 2.1.1
  resolution: "lambdafs@npm:2.1.1"
  dependencies:
    tar-fs: "*"
  bin:
    lambdafs: bin/brotli.js
  checksum: e277462851769dbb9062096e793d0da67f8bada78be9988bb177ddab91f9335ba1f67ea9fc0768c966dc52381301575945211b6e34061a068b82f127e6848e4e
  languageName: node
  linkType: hard

"latest-version@npm:^5.0.0":
  version: 5.1.0
  resolution: "latest-version@npm:5.1.0"
  dependencies:
    package-json: ^6.3.0
  checksum: fbc72b071eb66c40f652441fd783a9cca62f08bf42433651937f078cd9ef94bf728ec7743992777826e4e89305aef24f234b515e6030503a2cbee7fc9bdc2c0f
  languageName: node
  linkType: hard

"locate-path@npm:^5.0.0":
  version: 5.0.0
  resolution: "locate-path@npm:5.0.0"
  dependencies:
    p-locate: ^4.1.0
  checksum: 83e51725e67517287d73e1ded92b28602e3ae5580b301fe54bfb76c0c723e3f285b19252e375712316774cf52006cb236aed5704692c32db0d5d089b69696e30
  languageName: node
  linkType: hard

"lowercase-keys@npm:^1.0.0, lowercase-keys@npm:^1.0.1":
  version: 1.0.1
  resolution: "lowercase-keys@npm:1.0.1"
  checksum: 4d045026595936e09953e3867722e309415ff2c80d7701d067546d75ef698dac218a4f53c6d1d0e7368b47e45fd7529df47e6cb56fbb90523ba599f898b3d147
  languageName: node
  linkType: hard

"lowercase-keys@npm:^2.0.0":
  version: 2.0.0
  resolution: "lowercase-keys@npm:2.0.0"
  checksum: 24d7ebd56ccdf15ff529ca9e08863f3c54b0b9d1edb97a3ae1af34940ae666c01a1e6d200707bce730a8ef76cb57cc10e65f245ecaaf7e6bc8639f2fb460ac23
  languageName: node
  linkType: hard

"make-dir@npm:^3.0.0":
  version: 3.1.0
  resolution: "make-dir@npm:3.1.0"
  dependencies:
    semver: ^6.0.0
  checksum: 484200020ab5a1fdf12f393fe5f385fc8e4378824c940fba1729dcd198ae4ff24867bc7a5646331e50cead8abff5d9270c456314386e629acec6dff4b8016b78
  languageName: node
  linkType: hard

"make-error@npm:^1.1.1":
  version: 1.3.6
  resolution: "make-error@npm:1.3.6"
  checksum: b86e5e0e25f7f777b77fabd8e2cbf15737972869d852a22b7e73c17623928fccb826d8e46b9951501d3f20e51ad74ba8c59ed584f610526a48f8ccf88aaec402
  languageName: node
  linkType: hard

"mimic-response@npm:^1.0.0, mimic-response@npm:^1.0.1":
  version: 1.0.1
  resolution: "mimic-response@npm:1.0.1"
  checksum: 034c78753b0e622bc03c983663b1cdf66d03861050e0c8606563d149bc2b02d63f62ce4d32be4ab50d0553ae0ffe647fc34d1f5281184c6e1e8cf4d85e8d9823
  languageName: node
  linkType: hard

"minimatch@npm:^3.0.4":
  version: 3.1.2
  resolution: "minimatch@npm:3.1.2"
  dependencies:
    brace-expansion: ^1.1.7
  checksum: c154e566406683e7bcb746e000b84d74465b3a832c45d59912b9b55cd50dee66e5c4b1e5566dba26154040e51672f9aa450a9aef0c97cfc7336b78b7afb9540a
  languageName: node
  linkType: hard

"minimist@npm:^1.2.0":
  version: 1.2.6
  resolution: "minimist@npm:1.2.6"
  checksum: d15428cd1e11eb14e1233bcfb88ae07ed7a147de251441d61158619dfb32c4d7e9061d09cab4825fdee18ecd6fce323228c8c47b5ba7cd20af378ca4048fb3fb
  languageName: node
  linkType: hard

"mkdirp-classic@npm:^0.5.2":
  version: 0.5.3
  resolution: "mkdirp-classic@npm:0.5.3"
  checksum: 3f4e088208270bbcc148d53b73e9a5bd9eef05ad2cbf3b3d0ff8795278d50dd1d11a8ef1875ff5aea3fa888931f95bfcb2ad5b7c1061cfefd6284d199e6776ac
  languageName: node
  linkType: hard

"ms@npm:2.1.2":
  version: 2.1.2
  resolution: "ms@npm:2.1.2"
  checksum: 673cdb2c3133eb050c745908d8ce632ed2c02d85640e2edb3ace856a2266a813b30c613569bf3354fdf4ea7d1a1494add3bfa95e2713baa27d0c2c71fc44f58f
  languageName: node
  linkType: hard

"node-fetch@npm:2.6.7":
  version: 2.6.7
  resolution: "node-fetch@npm:2.6.7"
  dependencies:
    whatwg-url: ^5.0.0
  peerDependencies:
    encoding: ^0.1.0
  peerDependenciesMeta:
    encoding:
      optional: true
  checksum: 8d816ffd1ee22cab8301c7756ef04f3437f18dace86a1dae22cf81db8ef29c0bf6655f3215cb0cdb22b420b6fe141e64b26905e7f33f9377a7fa59135ea3e10b
  languageName: node
  linkType: hard

"normalize-url@npm:^4.1.0":
  version: 4.5.1
  resolution: "normalize-url@npm:4.5.1"
  checksum: 9a9dee01df02ad23e171171893e56e22d752f7cff86fb96aafeae074819b572ea655b60f8302e2d85dbb834dc885c972cc1c573892fea24df46b2765065dd05a
  languageName: node
  linkType: hard

"once@npm:^1.3.0, once@npm:^1.3.1, once@npm:^1.4.0":
  version: 1.4.0
  resolution: "once@npm:1.4.0"
  dependencies:
    wrappy: 1
  checksum: cd0a88501333edd640d95f0d2700fbde6bff20b3d4d9bdc521bdd31af0656b5706570d6c6afe532045a20bb8dc0849f8332d6f2a416e0ba6d3d3b98806c7db68
  languageName: node
  linkType: hard

"p-cancelable@npm:^1.0.0":
  version: 1.1.0
  resolution: "p-cancelable@npm:1.1.0"
  checksum: 2db3814fef6d9025787f30afaee4496a8857a28be3c5706432cbad76c688a6db1874308f48e364a42f5317f5e41e8e7b4f2ff5c8ff2256dbb6264bc361704ece
  languageName: node
  linkType: hard

"p-limit@npm:^2.2.0":
  version: 2.3.0
  resolution: "p-limit@npm:2.3.0"
  dependencies:
    p-try: ^2.0.0
  checksum: 84ff17f1a38126c3314e91ecfe56aecbf36430940e2873dadaa773ffe072dc23b7af8e46d4b6485d302a11673fe94c6b67ca2cfbb60c989848b02100d0594ac1
  languageName: node
  linkType: hard

"p-locate@npm:^4.1.0":
  version: 4.1.0
  resolution: "p-locate@npm:4.1.0"
  dependencies:
    p-limit: ^2.2.0
  checksum: 513bd14a455f5da4ebfcb819ef706c54adb09097703de6aeaa5d26fe5ea16df92b48d1ac45e01e3944ce1e6aa2a66f7f8894742b8c9d6e276e16cd2049a2b870
  languageName: node
  linkType: hard

"p-try@npm:^2.0.0":
  version: 2.2.0
  resolution: "p-try@npm:2.2.0"
  checksum: f8a8e9a7693659383f06aec604ad5ead237c7a261c18048a6e1b5b85a5f8a067e469aa24f5bc009b991ea3b058a87f5065ef4176793a200d4917349881216cae
  languageName: node
  linkType: hard

"package-json@npm:^6.3.0":
  version: 6.5.0
  resolution: "package-json@npm:6.5.0"
  dependencies:
    got: ^9.6.0
    registry-auth-token: ^4.0.0
    registry-url: ^5.0.0
    semver: ^6.2.0
  checksum: cc9f890d3667d7610e6184decf543278b87f657d1ace0deb4a9c9155feca738ef88f660c82200763d3348010f4e42e9c7adc91e96ab0f86a770955995b5351e2
  languageName: node
  linkType: hard

"path-exists@npm:^4.0.0":
  version: 4.0.0
  resolution: "path-exists@npm:4.0.0"
  checksum: 505807199dfb7c50737b057dd8d351b82c033029ab94cb10a657609e00c1bc53b951cfdbccab8de04c5584d5eff31128ce6afd3db79281874a5ef2adbba55ed1
  languageName: node
  linkType: hard

"path-is-absolute@npm:^1.0.0":
  version: 1.0.1
  resolution: "path-is-absolute@npm:1.0.1"
  checksum: 060840f92cf8effa293bcc1bea81281bd7d363731d214cbe5c227df207c34cd727430f70c6037b5159c8a870b9157cba65e775446b0ab06fd5ecc7e54615a3b8
  languageName: node
  linkType: hard

"pend@npm:~1.2.0":
  version: 1.2.0
  resolution: "pend@npm:1.2.0"
  checksum: 6c72f5243303d9c60bd98e6446ba7d30ae29e3d56fdb6fae8767e8ba6386f33ee284c97efe3230a0d0217e2b1723b8ab490b1bbf34fcbb2180dbc8a9de47850d
  languageName: node
  linkType: hard

"pkg-dir@npm:4.2.0":
  version: 4.2.0
  resolution: "pkg-dir@npm:4.2.0"
  dependencies:
    find-up: ^4.0.0
  checksum: 9863e3f35132bf99ae1636d31ff1e1e3501251d480336edb1c211133c8d58906bed80f154a1d723652df1fda91e01c7442c2eeaf9dc83157c7ae89087e43c8d6
  languageName: node
  linkType: hard

"prepend-http@npm:^2.0.0":
  version: 2.0.0
  resolution: "prepend-http@npm:2.0.0"
  checksum: 7694a9525405447662c1ffd352fcb41b6410c705b739b6f4e3a3e21cf5fdede8377890088e8934436b8b17ba55365a615f153960f30877bf0d0392f9e93503ea
  languageName: node
  linkType: hard

"progress@npm:2.0.3":
  version: 2.0.3
  resolution: "progress@npm:2.0.3"
  checksum: f67403fe7b34912148d9252cb7481266a354bd99ce82c835f79070643bb3c6583d10dbcfda4d41e04bbc1d8437e9af0fb1e1f2135727878f5308682a579429b7
  languageName: node
  linkType: hard

"proxy-from-env@npm:1.1.0":
  version: 1.1.0
  resolution: "proxy-from-env@npm:1.1.0"
  checksum: ed7fcc2ba0a33404958e34d95d18638249a68c430e30fcb6c478497d72739ba64ce9810a24f53a7d921d0c065e5b78e3822759800698167256b04659366ca4d4
  languageName: node
  linkType: hard

"pump@npm:^3.0.0":
  version: 3.0.0
  resolution: "pump@npm:3.0.0"
  dependencies:
    end-of-stream: ^1.1.0
    once: ^1.3.1
  checksum: e42e9229fba14732593a718b04cb5e1cfef8254544870997e0ecd9732b189a48e1256e4e5478148ecb47c8511dca2b09eae56b4d0aad8009e6fac8072923cfc9
  languageName: node
  linkType: hard

"pupa@npm:^2.0.1":
  version: 2.1.1
  resolution: "pupa@npm:2.1.1"
  dependencies:
    escape-goat: ^2.0.0
  checksum: 49529e50372ffdb0cccf0efa0f3b3cb0a2c77805d0d9cc2725bd2a0f6bb414631e61c93a38561b26be1259550b7bb6c2cb92315aa09c8bf93f3bdcb49f2b2fb7
  languageName: node
  linkType: hard

"puppeteer-core@npm:^13.7.0":
  version: 13.7.0
  resolution: "puppeteer-core@npm:13.7.0"
  dependencies:
    cross-fetch: 3.1.5
    debug: 4.3.4
    devtools-protocol: 0.0.981744
    extract-zip: 2.0.1
    https-proxy-agent: 5.0.1
    pkg-dir: 4.2.0
    progress: 2.0.3
    proxy-from-env: 1.1.0
    rimraf: 3.0.2
    tar-fs: 2.1.1
    unbzip2-stream: 1.4.3
    ws: 8.5.0
  checksum: 652c4cfc9d228a8c5162227368a78a3a28ea6f287b4bfb359fa84cb83109e8203b4251103f8b0f7eca173a2a3f5d8cb8a7b664cc958a13d536ec91b5e729e731
  languageName: node
  linkType: hard

"rc@npm:^1.2.8":
  version: 1.2.8
  resolution: "rc@npm:1.2.8"
  dependencies:
    deep-extend: ^0.6.0
    ini: ~1.3.0
    minimist: ^1.2.0
    strip-json-comments: ~2.0.1
  bin:
    rc: ./cli.js
  checksum: 2e26e052f8be2abd64e6d1dabfbd7be03f80ec18ccbc49562d31f617d0015fbdbcf0f9eed30346ea6ab789e0fdfe4337f033f8016efdbee0df5354751842080e
  languageName: node
  linkType: hard

"readable-stream@npm:^3.1.1, readable-stream@npm:^3.4.0":
  version: 3.6.0
  resolution: "readable-stream@npm:3.6.0"
  dependencies:
    inherits: ^2.0.3
    string_decoder: ^1.1.1
    util-deprecate: ^1.0.1
  checksum: d4ea81502d3799439bb955a3a5d1d808592cf3133350ed352aeaa499647858b27b1c4013984900238b0873ec8d0d8defce72469fb7a83e61d53f5ad61cb80dc8
  languageName: node
  linkType: hard

"registry-auth-token@npm:^4.0.0":
  version: 4.2.1
  resolution: "registry-auth-token@npm:4.2.1"
  dependencies:
    rc: ^1.2.8
  checksum: aa72060b573a50607cfd2dee16d0e51e13ca58b6a80442e74545325dc24d2c38896e6bad229bdcc1fc9759fa81b4066be8693d4d6f45927318e7c793a93e9cd0
  languageName: node
  linkType: hard

"registry-url@npm:^5.0.0":
  version: 5.1.0
  resolution: "registry-url@npm:5.1.0"
  dependencies:
    rc: ^1.2.8
  checksum: bcea86c84a0dbb66467b53187fadebfea79017cddfb4a45cf27530d7275e49082fe9f44301976eb0164c438e395684bcf3dae4819b36ff9d1640d8cc60c73df9
  languageName: node
  linkType: hard

"responselike@npm:^1.0.2":
  version: 1.0.2
  resolution: "responselike@npm:1.0.2"
  dependencies:
    lowercase-keys: ^1.0.0
  checksum: 2e9e70f1dcca3da621a80ce71f2f9a9cad12c047145c6ece20df22f0743f051cf7c73505e109814915f23f9e34fb0d358e22827723ee3d56b623533cab8eafcd
  languageName: node
  linkType: hard

"rimraf@npm:3.0.2":
  version: 3.0.2
  resolution: "rimraf@npm:3.0.2"
  dependencies:
    glob: ^7.1.3
  bin:
    rimraf: bin.js
  checksum: 87f4164e396f0171b0a3386cc1877a817f572148ee13a7e113b238e48e8a9f2f31d009a92ec38a591ff1567d9662c6b67fd8818a2dbbaed74bc26a87a2a4a9a0
  languageName: node
  linkType: hard

"safe-buffer@npm:~5.2.0":
  version: 5.2.1
  resolution: "safe-buffer@npm:5.2.1"
  checksum: b99c4b41fdd67a6aaf280fcd05e9ffb0813654894223afb78a31f14a19ad220bba8aba1cb14eddce1fcfb037155fe6de4e861784eb434f7d11ed58d1e70dd491
  languageName: node
  linkType: hard

"semver-diff@npm:^3.1.1":
  version: 3.1.1
  resolution: "semver-diff@npm:3.1.1"
  dependencies:
    semver: ^6.3.0
  checksum: 8bbe5a5d7add2d5e51b72314a9215cd294d71f41cdc2bf6bd59ee76411f3610b576172896f1d191d0d7294cb9f2f847438d2ee158adacc0c224dca79052812fe
  languageName: node
  linkType: hard

"semver@npm:^6.0.0, semver@npm:^6.2.0, semver@npm:^6.3.0":
  version: 6.3.0
  resolution: "semver@npm:6.3.0"
  bin:
    semver: ./bin/semver.js
  checksum: 1b26ecf6db9e8292dd90df4e781d91875c0dcc1b1909e70f5d12959a23c7eebb8f01ea581c00783bbee72ceeaad9505797c381756326073850dc36ed284b21b9
  languageName: node
  linkType: hard

"signal-exit@npm:^3.0.2":
  version: 3.0.7
  resolution: "signal-exit@npm:3.0.7"
  checksum: a2f098f247adc367dffc27845853e9959b9e88b01cb301658cfe4194352d8d2bb32e18467c786a7fe15f1d44b233ea35633d076d5e737870b7139949d1ab6318
  languageName: node
  linkType: hard

"source-map-support@npm:^0.5.17":
  version: 0.5.21
  resolution: "source-map-support@npm:0.5.21"
  dependencies:
    buffer-from: ^1.0.0
    source-map: ^0.6.0
  checksum: 43e98d700d79af1d36f859bdb7318e601dfc918c7ba2e98456118ebc4c4872b327773e5a1df09b0524e9e5063bb18f0934538eace60cca2710d1fa687645d137
  languageName: node
  linkType: hard

"source-map@npm:^0.6.0":
  version: 0.6.1
  resolution: "source-map@npm:0.6.1"
  checksum: 59ce8640cf3f3124f64ac289012c2b8bd377c238e316fb323ea22fbfe83da07d81e000071d7242cad7a23cd91c7de98e4df8830ec3f133cb6133a5f6e9f67bc2
  languageName: node
  linkType: hard

"string-width@npm:^4.0.0, string-width@npm:^4.1.0":
  version: 4.2.3
  resolution: "string-width@npm:4.2.3"
  dependencies:
    emoji-regex: ^8.0.0
    is-fullwidth-code-point: ^3.0.0
    strip-ansi: ^6.0.1
  checksum: e52c10dc3fbfcd6c3a15f159f54a90024241d0f149cf8aed2982a2d801d2e64df0bf1dc351cf8e95c3319323f9f220c16e740b06faecd53e2462df1d2b5443fb
  languageName: node
  linkType: hard

"string_decoder@npm:^1.1.1":
  version: 1.3.0
  resolution: "string_decoder@npm:1.3.0"
  dependencies:
    safe-buffer: ~5.2.0
  checksum: 8417646695a66e73aefc4420eb3b84cc9ffd89572861fe004e6aeb13c7bc00e2f616247505d2dbbef24247c372f70268f594af7126f43548565c68c117bdeb56
  languageName: node
  linkType: hard

"strip-ansi@npm:^6.0.1":
  version: 6.0.1
  resolution: "strip-ansi@npm:6.0.1"
  dependencies:
    ansi-regex: ^5.0.1
  checksum: f3cd25890aef3ba6e1a74e20896c21a46f482e93df4a06567cebf2b57edabb15133f1f94e57434e0a958d61186087b1008e89c94875d019910a213181a14fc8c
  languageName: node
  linkType: hard

"strip-json-comments@npm:~2.0.1":
  version: 2.0.1
  resolution: "strip-json-comments@npm:2.0.1"
  checksum: 1074ccb63270d32ca28edfb0a281c96b94dc679077828135141f27d52a5a398ef5e78bcf22809d23cadc2b81dfbe345eb5fd8699b385c8b1128907dec4a7d1e1
  languageName: node
  linkType: hard

"supports-color@npm:^7.1.0":
  version: 7.2.0
  resolution: "supports-color@npm:7.2.0"
  dependencies:
    has-flag: ^4.0.0
  checksum: 3dda818de06ebbe5b9653e07842d9479f3555ebc77e9a0280caf5a14fb877ffee9ed57007c3b78f5a6324b8dbeec648d9e97a24e2ed9fdb81ddc69ea07100f4a
  languageName: node
  linkType: hard

"tar-fs@npm:*, tar-fs@npm:2.1.1":
  version: 2.1.1
  resolution: "tar-fs@npm:2.1.1"
  dependencies:
    chownr: ^1.1.1
    mkdirp-classic: ^0.5.2
    pump: ^3.0.0
    tar-stream: ^2.1.4
  checksum: f5b9a70059f5b2969e65f037b4e4da2daf0fa762d3d232ffd96e819e3f94665dbbbe62f76f084f1acb4dbdcce16c6e4dac08d12ffc6d24b8d76720f4d9cf032d
  languageName: node
  linkType: hard

"tar-stream@npm:^2.1.4":
  version: 2.2.0
  resolution: "tar-stream@npm:2.2.0"
  dependencies:
    bl: ^4.0.3
    end-of-stream: ^1.4.1
    fs-constants: ^1.0.0
    inherits: ^2.0.3
    readable-stream: ^3.1.1
  checksum: 699831a8b97666ef50021c767f84924cfee21c142c2eb0e79c63254e140e6408d6d55a065a2992548e72b06de39237ef2b802b99e3ece93ca3904a37622a66f3
  languageName: node
  linkType: hard

"term-size@npm:^2.1.0":
  version: 2.2.1
  resolution: "term-size@npm:2.2.1"
  checksum: 1ed981335483babc1e8206f843e06bd2bf89b85f0bf5a9a9d928033a0fcacdba183c03ba7d91814643015543ba002f1339f7112402a21da8f24b6c56b062a5a9
  languageName: node
  linkType: hard

"through@npm:^2.3.8":
  version: 2.3.8
  resolution: "through@npm:2.3.8"
  checksum: a38c3e059853c494af95d50c072b83f8b676a9ba2818dcc5b108ef252230735c54e0185437618596c790bbba8fcdaef5b290405981ffa09dce67b1f1bf190cbd
  languageName: node
  linkType: hard

"to-readable-stream@npm:^1.0.0":
  version: 1.0.0
  resolution: "to-readable-stream@npm:1.0.0"
  checksum: 2bd7778490b6214a2c40276065dd88949f4cf7037ce3964c76838b8cb212893aeb9cceaaf4352a4c486e3336214c350270f3263e1ce7a0c38863a715a4d9aeb5
  languageName: node
  linkType: hard

"tr46@npm:~0.0.3":
  version: 0.0.3
  resolution: "tr46@npm:0.0.3"
  checksum: 726321c5eaf41b5002e17ffbd1fb7245999a073e8979085dacd47c4b4e8068ff5777142fc6726d6ca1fd2ff16921b48788b87225cbc57c72636f6efa8efbffe3
  languageName: node
  linkType: hard

"ts-node@npm:8.9.1":
  version: 8.9.1
  resolution: "ts-node@npm:8.9.1"
  dependencies:
    arg: ^4.1.0
    diff: ^4.0.1
    make-error: ^1.1.1
    source-map-support: ^0.5.17
    yn: 3.1.1
  peerDependencies:
    typescript: ">=2.7"
  bin:
    ts-node: dist/bin.js
    ts-node-script: dist/bin-script.js
    ts-node-transpile-only: dist/bin-transpile.js
    ts-script: dist/bin-script-deprecated.js
  checksum: 59997e32cfb84323317f9fd33ff62d025b467ff36c296c3ad1ee54f08fd355c58fab37e096e2a63fd01fced929384b16b9d74bf324713a21844e527ddd5f6c17
  languageName: node
  linkType: hard

"type-fest@npm:^0.8.1":
  version: 0.8.1
  resolution: "type-fest@npm:0.8.1"
  checksum: d61c4b2eba24009033ae4500d7d818a94fd6d1b481a8111612ee141400d5f1db46f199c014766b9fa9b31a6a7374d96fc748c6d688a78a3ce5a33123839becb7
  languageName: node
  linkType: hard

"typedarray-to-buffer@npm:^3.1.5":
  version: 3.1.5
  resolution: "typedarray-to-buffer@npm:3.1.5"
  dependencies:
    is-typedarray: ^1.0.0
  checksum: 99c11aaa8f45189fcfba6b8a4825fd684a321caa9bd7a76a27cf0c7732c174d198b99f449c52c3818107430b5f41c0ccbbfb75cb2ee3ca4a9451710986d61a60
  languageName: node
  linkType: hard

"typescript@npm:4.3.4":
  version: 4.3.4
  resolution: "typescript@npm:4.3.4"
  bin:
    tsc: bin/tsc
    tsserver: bin/tsserver
  checksum: 75e1f2769c7ff38c718523d05eaf1c2611dbf92c0ab0f85f603ead9bb23416af2009a5dac46e76ef6a207a8508fa53f51b43a41f2a91b1241b53cd744c16128c
  languageName: node
  linkType: hard

"typescript@patch:typescript@4.3.4#~builtin<compat/typescript>":
  version: 4.3.4
  resolution: "typescript@patch:typescript@npm%3A4.3.4#~builtin<compat/typescript>::version=4.3.4&hash=bda367"
  bin:
    tsc: bin/tsc
    tsserver: bin/tsserver
  checksum: 6ccc2e1148e172da119ea4b72c66395a0c18a53884d21fb82bb4503a948a7169e9961defe24a359040a3d77bf5ff338945804296e0e27c87b5bd22ea1d25781b
  languageName: node
  linkType: hard

"unbzip2-stream@npm:1.4.3":
  version: 1.4.3
  resolution: "unbzip2-stream@npm:1.4.3"
  dependencies:
    buffer: ^5.2.1
    through: ^2.3.8
  checksum: 0e67c4a91f4fa0fc7b4045f8b914d3498c2fc2e8c39c359977708ec85ac6d6029840e97f508675fdbdf21fcb8d276ca502043406f3682b70f075e69aae626d1d
  languageName: node
  linkType: hard

"unique-string@npm:^2.0.0":
  version: 2.0.0
  resolution: "unique-string@npm:2.0.0"
  dependencies:
    crypto-random-string: ^2.0.0
  checksum: ef68f639136bcfe040cf7e3cd7a8dff076a665288122855148a6f7134092e6ed33bf83a7f3a9185e46c98dddc445a0da6ac25612afa1a7c38b8b654d6c02498e
  languageName: node
  linkType: hard

"update-notifier@npm:4.1.0":
  version: 4.1.0
  resolution: "update-notifier@npm:4.1.0"
  dependencies:
    boxen: ^4.2.0
    chalk: ^3.0.0
    configstore: ^5.0.1
    has-yarn: ^2.1.0
    import-lazy: ^2.1.0
    is-ci: ^2.0.0
    is-installed-globally: ^0.3.1
    is-npm: ^4.0.0
    is-yarn-global: ^0.3.0
    latest-version: ^5.0.0
    pupa: ^2.0.1
    semver-diff: ^3.1.1
    xdg-basedir: ^4.0.0
  checksum: c5f839ab1b82d6686430f2573377180de010ba213cc9c9e3d0405fa594c9f345ef9c27bce77e36309634a5f1b474d8ef880a20d299f2437abf94d5aa5d2c6d65
  languageName: node
  linkType: hard

"url-parse-lax@npm:^3.0.0":
  version: 3.0.0
  resolution: "url-parse-lax@npm:3.0.0"
  dependencies:
    prepend-http: ^2.0.0
  checksum: 1040e357750451173132228036aff1fd04abbd43eac1fb3e4fca7495a078bcb8d33cb765fe71ad7e473d9c94d98fd67adca63bd2716c815a2da066198dd37217
  languageName: node
  linkType: hard

"util-deprecate@npm:^1.0.1":
  version: 1.0.2
  resolution: "util-deprecate@npm:1.0.2"
  checksum: 474acf1146cb2701fe3b074892217553dfcf9a031280919ba1b8d651a068c9b15d863b7303cb15bd00a862b498e6cf4ad7b4a08fb134edd5a6f7641681cb54a2
  languageName: node
  linkType: hard

"vercel@npm:^24.2.0":
  version: 24.2.0
  resolution: "vercel@npm:24.2.0"
  dependencies:
    "@vercel/build-utils": 2.16.0
    "@vercel/go": 1.4.0
    "@vercel/node": 1.15.0
    "@vercel/python": 2.3.0
    "@vercel/ruby": 1.3.3
    update-notifier: 4.1.0
  bin:
    vc: dist/index.js
    vercel: dist/index.js
  checksum: 129b7e8d3643c8f602d900a8db36b423f16fd1784cfc741d906d8c3374058744546ccf7c57e825f6cfc9eebfff22582810ff630c4a6611edea1b5584da1f5c65
  languageName: node
  linkType: hard

"webidl-conversions@npm:^3.0.0":
  version: 3.0.1
  resolution: "webidl-conversions@npm:3.0.1"
  checksum: c92a0a6ab95314bde9c32e1d0a6dfac83b578f8fa5f21e675bc2706ed6981bc26b7eb7e6a1fab158e5ce4adf9caa4a0aee49a52505d4d13c7be545f15021b17c
  languageName: node
  linkType: hard

"whatwg-url@npm:^5.0.0":
  version: 5.0.0
  resolution: "whatwg-url@npm:5.0.0"
  dependencies:
    tr46: ~0.0.3
    webidl-conversions: ^3.0.0
  checksum: b8daed4ad3356cc4899048a15b2c143a9aed0dfae1f611ebd55073310c7b910f522ad75d727346ad64203d7e6c79ef25eafd465f4d12775ca44b90fa82ed9e2c
  languageName: node
  linkType: hard

"widest-line@npm:^3.1.0":
  version: 3.1.0
  resolution: "widest-line@npm:3.1.0"
  dependencies:
    string-width: ^4.0.0
  checksum: 03db6c9d0af9329c37d74378ff1d91972b12553c7d72a6f4e8525fe61563fa7adb0b9d6e8d546b7e059688712ea874edd5ded475999abdeedf708de9849310e0
  languageName: node
  linkType: hard

"wrappy@npm:1":
  version: 1.0.2
  resolution: "wrappy@npm:1.0.2"
  checksum: 159da4805f7e84a3d003d8841557196034155008f817172d4e986bd591f74aa82aa7db55929a54222309e01079a65a92a9e6414da5a6aa4b01ee44a511ac3ee5
  languageName: node
  linkType: hard

"write-file-atomic@npm:^3.0.0":
  version: 3.0.3
  resolution: "write-file-atomic@npm:3.0.3"
  dependencies:
    imurmurhash: ^0.1.4
    is-typedarray: ^1.0.0
    signal-exit: ^3.0.2
    typedarray-to-buffer: ^3.1.5
  checksum: c55b24617cc61c3a4379f425fc62a386cc51916a9b9d993f39734d005a09d5a4bb748bc251f1304e7abd71d0a26d339996c275955f527a131b1dcded67878280
  languageName: node
  linkType: hard

"ws@npm:8.5.0":
  version: 8.5.0
  resolution: "ws@npm:8.5.0"
  peerDependencies:
    bufferutil: ^4.0.1
    utf-8-validate: ^5.0.2
  peerDependenciesMeta:
    bufferutil:
      optional: true
    utf-8-validate:
      optional: true
  checksum: 76f2f90e40344bf18fd544194e7067812fb1372b2a37865678d8f12afe4b478ff2ebc0c7c0aff82cd5e6b66fc43d889eec0f1865c2365d8f7a66d92da7744a77
  languageName: node
  linkType: hard

"xdg-basedir@npm:^4.0.0":
  version: 4.0.0
  resolution: "xdg-basedir@npm:4.0.0"
  checksum: 0073d5b59a37224ed3a5ac0dd2ec1d36f09c49f0afd769008a6e9cd3cd666bd6317bd1c7ce2eab47e1de285a286bad11a9b038196413cd753b79770361855f3c
  languageName: node
  linkType: hard

"yauzl@npm:^2.10.0":
  version: 2.10.0
  resolution: "yauzl@npm:2.10.0"
  dependencies:
    buffer-crc32: ~0.2.3
    fd-slicer: ~1.1.0
  checksum: 7f21fe0bbad6e2cb130044a5d1d0d5a0e5bf3d8d4f8c4e6ee12163ce798fee3de7388d22a7a0907f563ac5f9d40f8699a223d3d5c1718da90b0156da6904022b
  languageName: node
  linkType: hard

"yn@npm:3.1.1":
  version: 3.1.1
  resolution: "yn@npm:3.1.1"
  checksum: 2c487b0e149e746ef48cda9f8bad10fc83693cd69d7f9dcd8be4214e985de33a29c9e24f3c0d6bcf2288427040a8947406ab27f7af67ee9456e6b84854f02dd6
  languageName: node
  linkType: hard

"zod@npm:^3.14.4":
  version: 3.14.4
  resolution: "zod@npm:3.14.4"
  checksum: 30e75dc1e4e1d6ce5695750d1906b6b918779b8aa446f5db77eb2b8344d08f29344b5d0115034a9e695fd5a627d23c5c03d67efe58fe16fbb91dee9dc08761bc
  languageName: node
  linkType: hard
